
Microsoft Visual Studio Solution File, Format Version 12.00
# Visual Studio Version 17
VisualStudioVersion = 17.2.32616.157
MinimumVisualStudioVersion = 10.0.40219.1
Project("{FAE04EC0-301F-11D3-BF4B-00C04F79EFBC}") = "mtkurs", "mtkurs.csproj", "{722B7DC4-E525-4392-B196-2602F00E670F}"
EndProject
Global
	GlobalSection(SolutionConfigurationPlatforms) = preSolution
		Debug|Any CPU = Debug|Any CPU
		Release|Any CPU = Release|Any CPU
	EndGlobalSection
	GlobalSection(ProjectConfigurationPlatforms) = postSolution
		{722B7DC4-E525-4392-B196-2602F00E670F}.Debug|Any CPU.ActiveCfg = Debug|Any CPU
		{722B7DC4-E525-4392-B196-2602F00E670F}.Debug|Any CPU.Build.0 = Debug|Any CPU
		{722B7DC4-E525-4392-B196-2602F00E670F}.Release|Any CPU.ActiveCfg = Release|Any CPU
		{722B7DC4-E525-4392-B196-2602F00E670F}.Release|Any CPU.Build.0 = Release|Any CPU
	EndGlobalSection
	GlobalSection(SolutionProperties) = preSolution
		HideSolutionNode = FALSE
	EndGlobalSection
	GlobalSection(ExtensibilityGlobals) = postSolution
		SolutionGuid = {5A28F27A-F1A0-424B-984A-886BFBE61B70}
	EndGlobalSection
EndGlobal
